
Microsoft Visual Studio Solution File, Format Version 12.00
# Visual Studio 15
VisualStudioVersion = 15.0.28307.539
MinimumVisualStudioVersion = 10.0.40219.1
Project("{FAE04EC0-301F-11D3-BF4B-00C04F79EFBC}") = "AdvancedCSharpApp", "AdvancedCSharpApp\AdvancedCSharpApp.csproj", "{6E33C61E-CB1D-4A91-8E2E-62B7D8D35603}"
EndProject
Global
	GlobalSection(SolutionConfigurationPlatforms) = preSolution
		Debug|Any CPU = Debug|Any CPU
		Release|Any CPU = Release|Any CPU
	EndGlobalSection
	GlobalSection(ProjectConfigurationPlatforms) = postSolution
		{6E33C61E-CB1D-4A91-8E2E-62B7D8D35603}.Debug|Any CPU.ActiveCfg = Debug|Any CPU
		{6E33C61E-CB1D-4A91-8E2E-62B7D8D35603}.Debug|Any CPU.Build.0 = Debug|Any CPU
		{6E33C61E-CB1D-4A91-8E2E-62B7D8D35603}.Release|Any CPU.ActiveCfg = Release|Any CPU
		{6E33C61E-CB1D-4A91-8E2E-62B7D8D35603}.Release|Any CPU.Build.0 = Release|Any CPU
	EndGlobalSection
	GlobalSection(SolutionProperties) = preSolution
		HideSolutionNode = FALSE
	EndGlobalSection
	GlobalSection(ExtensibilityGlobals) = postSolution
		SolutionGuid = {692B738D-AAB4-459E-BC03-7DB68C1F5285}
	EndGlobalSection
EndGlobal
